{
  "requires": true,
  "lockfileVersion": 1,
  "dependencies": {
    "@gumgum/react-script-tag": {
      "version": "0.0.3",
      "resolved": "https://registry.npmjs.org/@gumgum/react-script-tag/-/react-script-tag-0.0.3.tgz",
      "integrity": "sha512-8JwB4ArAxk6t9ECbg2W7HVYMKVvSt58Sw9YBnysjc/LobPAl16zF84LqEYhlUk5zW4IO22iGCZbrfsuWCwmolA=="
    }
  }
}
