{
  "requires": true,
  "lockfileVersion": 1,
  "dependencies": {
    "@gumgum/react-script-tag": {
      "version": "0.0.3",
      "resolved": "https://registry.npmjs.org/@gumgum/react-script-tag/-/react-script-tag-0.0.3.tgz",
      "integrity": "sha512-8JwB4ArAxk6t9ECbg2W7HVYMKVvSt58Sw9YBnysjc/LobPAl16zF84LqEYhlUk5zW4IO22iGCZbrfsuWCwmolA=="
    },
    "@popperjs/core": {
      "version": "2.10.2",
      "resolved": "https://registry.npmjs.org/@popperjs/core/-/core-2.10.2.tgz",
      "integrity": "sha512-IXf3XA7+XyN7CP9gGh/XB0UxVMlvARGEgGXLubFICsUMGz6Q+DU+i4gGlpOxTjKvXjkJDJC8YdqdKkDj9qZHEQ=="
    },
    "airport-autocomplete-js": {
      "version": "2.1.4",
      "resolved": "https://registry.npmjs.org/airport-autocomplete-js/-/airport-autocomplete-js-2.1.4.tgz",
      "integrity": "sha512-fl1hEpM6sPrX1QwNcwDoA71qDEbPlKBhnh2PM+OK5NpHsfbG/EQwuhJs78EDwba7TlKq6B/T6caZt/VsNKcv2w==",
      "requires": {
        "eslint-plugin-prettier": "3.0.1",
        "fuse.js": "3.6.1"
      },
      "dependencies": {
        "fuse.js": {
          "version": "3.6.1",
          "resolved": "https://registry.npmjs.org/fuse.js/-/fuse.js-3.6.1.tgz",
          "integrity": "sha512-hT9yh/tiinkmirKrlv4KWOjztdoZo1mx9Qh4KvWqC7isoXwdUY3PNWUxceF4/qO9R6riA2C29jdTOeQOIROjgw=="
        }
      }
    },
    "babel-polyfill": {
      "version": "6.26.0",
      "resolved": "https://registry.npmjs.org/babel-polyfill/-/babel-polyfill-6.26.0.tgz",
      "integrity": "sha1-N5k3q8Z9eJWXCtxiHyhM2WbPIVM=",
      "requires": {
        "babel-runtime": "^6.26.0",
        "core-js": "^2.5.0",
        "regenerator-runtime": "^0.10.5"
      }
    },
    "babel-runtime": {
      "version": "6.26.0",
      "resolved": "https://registry.npmjs.org/babel-runtime/-/babel-runtime-6.26.0.tgz",
      "integrity": "sha1-llxwWGaOgrVde/4E/yM3vItWR/4=",
      "requires": {
        "core-js": "^2.4.0",
        "regenerator-runtime": "^0.11.0"
      },
      "dependencies": {
        "regenerator-runtime": {
          "version": "0.11.1",
          "resolved": "https://registry.npmjs.org/regenerator-runtime/-/regenerator-runtime-0.11.1.tgz",
          "integrity": "sha512-MguG95oij0fC3QV3URf4V2SDYGJhJnJGqvIIgdECeODCT98wSWDAJ94SSuVpYQUoTcGUIL6L4yNB7j1DFFHSBg=="
        }
      }
    },
    "classnames": {
      "version": "2.3.1",
      "resolved": "https://registry.npmjs.org/classnames/-/classnames-2.3.1.tgz",
      "integrity": "sha512-OlQdbZ7gLfGarSqxesMesDa5uz7KFbID8Kpq/SxIoNGDqY8lSYs0D+hhtBXhcdB3rcbXArFr7vlHheLk1voeNA=="
    },
    "core-js": {
      "version": "2.6.12",
      "resolved": "https://registry.npmjs.org/core-js/-/core-js-2.6.12.tgz",
      "integrity": "sha512-Kb2wC0fvsWfQrgk8HU5lW6U/Lcs8+9aaYcy4ZFc6DDlo4nZ7n70dEgE5rtR0oG6ufKDUnrwfWL1mXR5ljDatrQ=="
    },
    "date-fns": {
      "version": "2.25.0",
      "resolved": "https://registry.npmjs.org/date-fns/-/date-fns-2.25.0.tgz",
      "integrity": "sha512-ovYRFnTrbGPD4nqaEqescPEv1mNwvt+UTqI3Ay9SzNtey9NZnYu6E2qCcBBgJ6/2VF1zGGygpyTDITqpQQ5e+w=="
    },
    "eslint-plugin-prettier": {
      "version": "3.0.1",
      "resolved": "https://registry.npmjs.org/eslint-plugin-prettier/-/eslint-plugin-prettier-3.0.1.tgz",
      "integrity": "sha512-/PMttrarPAY78PLvV3xfWibMOdMDl57hmlQ2XqFeA37wd+CJ7WSxV7txqjVPHi/AAFKd2lX0ZqfsOc/i5yFCSQ==",
      "requires": {
        "prettier-linter-helpers": "^1.0.0"
      }
    },
    "fast-diff": {
      "version": "1.2.0",
      "resolved": "https://registry.npmjs.org/fast-diff/-/fast-diff-1.2.0.tgz",
      "integrity": "sha512-xJuoT5+L99XlZ8twedaRf6Ax2TgQVxvgZOYoPKqZufmJib0tL2tegPBOZb1pVNgIhlqDlA0eO0c3wBvQcmzx4w=="
    },
    "fuse.js": {
      "version": "6.4.6",
      "resolved": "https://registry.npmjs.org/fuse.js/-/fuse.js-6.4.6.tgz",
      "integrity": "sha512-/gYxR/0VpXmWSfZOIPS3rWwU8SHgsRTwWuXhyb2O6s7aRuVtHtxCkR33bNYu3wyLyNx/Wpv0vU7FZy8Vj53VNw=="
    },
    "js-tokens": {
      "version": "4.0.0",
      "resolved": "https://registry.npmjs.org/js-tokens/-/js-tokens-4.0.0.tgz",
      "integrity": "sha512-RdJUflcE3cUzKiMqQgsCu06FPu9UdIJO0beYbPhHN4k6apgJtifcoCtT9bcxOpYBtpD2kCM6Sbzg4CausW/PKQ=="
    },
    "loose-envify": {
      "version": "1.4.0",
      "resolved": "https://registry.npmjs.org/loose-envify/-/loose-envify-1.4.0.tgz",
      "integrity": "sha512-lyuxPGr/Wfhrlem2CL/UcnUc1zcqKAImBDzukY7Y5F/yQiNdko6+fRLevlw1HgMySw7f611UIY408EtxRSoK3Q==",
      "requires": {
        "js-tokens": "^3.0.0 || ^4.0.0"
      }
    },
    "moment": {
      "version": "2.29.1",
      "resolved": "https://registry.npmjs.org/moment/-/moment-2.29.1.tgz",
      "integrity": "sha512-kHmoybcPV8Sqy59DwNDY3Jefr64lK/by/da0ViFcuA4DH0vQg5Q6Ze5VimxkfQNSC+Mls/Kx53s7TjP1RhFEDQ=="
    },
    "object-assign": {
      "version": "4.1.1",
      "resolved": "https://registry.npmjs.org/object-assign/-/object-assign-4.1.1.tgz",
      "integrity": "sha1-IQmtx5ZYh8/AXLvUQsrIv7s2CGM="
    },
    "prettier-linter-helpers": {
      "version": "1.0.0",
      "resolved": "https://registry.npmjs.org/prettier-linter-helpers/-/prettier-linter-helpers-1.0.0.tgz",
      "integrity": "sha512-GbK2cP9nraSSUF9N2XwUwqfzlAFlMNYYl+ShE/V+H8a9uNl/oUqB1w2EL54Jh0OlyRSd8RfWYJ3coVS4TROP2w==",
      "requires": {
        "fast-diff": "^1.1.2"
      }
    },
    "prop-types": {
      "version": "15.7.2",
      "resolved": "https://registry.npmjs.org/prop-types/-/prop-types-15.7.2.tgz",
      "integrity": "sha512-8QQikdH7//R2vurIJSutZ1smHYTcLpRWEOlHnzcWHmBYrOGUysKwSsrC89BCiFj3CbrfJ/nXFdJepOVrY1GCHQ==",
      "requires": {
        "loose-envify": "^1.4.0",
        "object-assign": "^4.1.1",
        "react-is": "^16.8.1"
      }
    },
    "react-datepicker": {
      "version": "4.3.0",
      "resolved": "https://registry.npmjs.org/react-datepicker/-/react-datepicker-4.3.0.tgz",
      "integrity": "sha512-cg+gp4YnPcZc6iZ0+v7VuRgcFG22KL7izHYrCxXeSLOn5VGkyxTfcu5qA/cGIsngurCt/u0NtgVTlHB1Fwap1g==",
      "requires": {
        "@popperjs/core": "^2.9.2",
        "classnames": "^2.2.6",
        "date-fns": "^2.24.0",
        "prop-types": "^15.7.2",
        "react-onclickoutside": "^6.12.0",
        "react-popper": "^2.2.5"
      }
    },
    "react-fast-compare": {
      "version": "3.2.0",
      "resolved": "https://registry.npmjs.org/react-fast-compare/-/react-fast-compare-3.2.0.tgz",
      "integrity": "sha512-rtGImPZ0YyLrscKI9xTpV8psd6I8VAtjKCzQDlzyDvqJA8XOW78TXYQwNRNd8g8JZnDu8q9Fu/1v4HPAVwVdHA=="
    },
    "react-is": {
      "version": "16.13.1",
      "resolved": "https://registry.npmjs.org/react-is/-/react-is-16.13.1.tgz",
      "integrity": "sha512-24e6ynE2H+OKt4kqsOvNd8kBpV65zoxbA4BVsEOB3ARVWQki/DHzaUoC5KuON/BiccDaCCTZBuOcfZs70kR8bQ=="
    },
    "react-moment": {
      "version": "1.1.1",
      "resolved": "https://registry.npmjs.org/react-moment/-/react-moment-1.1.1.tgz",
      "integrity": "sha512-WjwvxBSnmLMRcU33do0KixDB+9vP3e84eCse+rd+HNklAMNWyRgZTDEQlay/qK6lcXFPRuEIASJTpEt6pyK7Ww=="
    },
    "react-onclickoutside": {
      "version": "6.12.0",
      "resolved": "https://registry.npmjs.org/react-onclickoutside/-/react-onclickoutside-6.12.0.tgz",
      "integrity": "sha512-oPlOTYcISLHfpMog2lUZMFSbqOs4LFcA4+vo7fpfevB5v9Z0D5VBDBkfeO5lv+hpEcGoaGk67braLT+QT+eICA=="
    },
    "react-popper": {
      "version": "2.2.5",
      "resolved": "https://registry.npmjs.org/react-popper/-/react-popper-2.2.5.tgz",
      "integrity": "sha512-kxGkS80eQGtLl18+uig1UIf9MKixFSyPxglsgLBxlYnyDf65BiY9B3nZSc6C9XUNDgStROB0fMQlTEz1KxGddw==",
      "requires": {
        "react-fast-compare": "^3.0.1",
        "warning": "^4.0.2"
      }
    },
    "react-script-tag": {
      "version": "1.1.2",
      "resolved": "https://registry.npmjs.org/react-script-tag/-/react-script-tag-1.1.2.tgz",
      "integrity": "sha512-4oR9ntvGfX4igiP77vK310ru5Oa77xO7CeYB3Xi9lu0qsikpGpK1Kq1WMFocvy8U4fQFq8ovtrZS/8adfCziFw=="
    },
    "regenerator-runtime": {
      "version": "0.10.5",
      "resolved": "https://registry.npmjs.org/regenerator-runtime/-/regenerator-runtime-0.10.5.tgz",
      "integrity": "sha1-M2w+/BIgrc7dosn6tntaeVWjNlg="
    },
    "warning": {
      "version": "4.0.3",
      "resolved": "https://registry.npmjs.org/warning/-/warning-4.0.3.tgz",
      "integrity": "sha512-rpJyN222KWIvHJ/F53XSZv0Zl/accqHR8et1kpaMTD/fLCRxtV8iX8czMzY7sVZupTI3zcUTg8eycS2kNF9l6w==",
      "requires": {
        "loose-envify": "^1.0.0"
      }
    }
  }
}
